// !$*UTF8*$!
{
	archiveVersion = 1;
	classes = {
	};
	objectVersion = 77;
	objects = {

/* Begin PBXContainerItemProxy section */
		4EE0520D2DD778DB00D15F53 /* PBXContainerItemProxy */ = {
			isa = PBXContainerItemProxy;
			containerPortal = 4EE051EE2DD778D900D15F53 /* Project object */;
			proxyType = 1;
			remoteGlobalIDString = 4EE051F52DD778D900D15F53;
			remoteInfo = SetViewControllerTest;
		};
		4EE052172DD778DB00D15F53 /* PBXContainerItemProxy */ = {
			isa = PBXContainerItemProxy;
			containerPortal = 4EE051EE2DD778D900D15F53 /* Project object */;
			proxyType = 1;
			remoteGlobalIDString = 4EE051F52DD778D900D15F53;
			remoteInfo = SetViewControllerTest;
		};
/* End PBXContainerItemProxy section */

/* Begin PBXFileReference section */
		4EE051F62DD778D900D15F53 /* SetViewControllerTest.app */ = {isa = PBXFileReference; explicitFileType = wrapper.application; includeInIndex = 0; path = SetViewControllerTest.app; sourceTree = BUILT_PRODUCTS_DIR; };
		4EE0520C2DD778DB00D15F53 /* SetViewControllerTestTests.xctest */ = {isa = PBXFileReference; explicitFileType = wrapper.cfbundle; includeInIndex = 0; path = SetViewControllerTestTests.xctest; sourceTree = BUILT_PRODUCTS_DIR; };
		4EE052162DD778DB00D15F53 /* SetViewControllerTestUITests.xctest */ = {isa = PBXFileReference; explicitFileType = wrapper.cfbundle; includeInIndex = 0; path = SetViewControllerTestUITests.xctest; sourceTree = BUILT_PRODUCTS_DIR; };
/* End PBXFileReference section */

/* Begin PBXFileSystemSynchronizedBuildFileExceptionSet section */
		4EE0521E2DD778DB00D15F53 /* Exceptions for "SetViewControllerTest" folder in "SetViewControllerTest" target */ = {
			isa = PBXFileSystemSynchronizedBuildFileExceptionSet;
			membershipExceptions = (
				Info.plist,
			);
			target = 4EE051F52DD778D900D15F53 /* SetViewControllerTest */;
		};
/* End PBXFileSystemSynchronizedBuildFileExceptionSet section */

/* Begin PBXFileSystemSynchronizedRootGroup section */
		4EE051F82DD778D900D15F53 /* SetViewControllerTest */ = {
			isa = PBXFileSystemSynchronizedRootGroup;
			exceptions = (
				4EE0521E2DD778DB00D15F53 /* Exceptions for "SetViewControllerTest" folder in "SetViewControllerTest" target */,
			);
			path = SetViewControllerTest;
			sourceTree = "<group>";
		};
		4EE0520F2DD778DB00D15F53 /* SetViewControllerTestTests */ = {
			isa = PBXFileSystemSynchronizedRootGroup;
			path = SetViewControllerTestTests;
			sourceTree = "<group>";
		};
		4EE052192DD778DB00D15F53 /* SetViewControllerTestUITests */ = {
			isa = PBXFileSystemSynchronizedRootGroup;
			path = SetViewControllerTestUITests;
			sourceTree = "<group>";
		};
/* End PBXFileSystemSynchronizedRootGroup section */

/* Begin PBXFrameworksBuildPhase section */
		4EE051F32DD778D900D15F53 /* Frameworks */ = {
			isa = PBXFrameworksBuildPhase;
			buildActionMask = 2147483647;
			files = (
			);
			runOnlyForDeploymentPostprocessing = 0;
		};
		4EE052092DD778DB00D15F53 /* Frameworks */ = {
			isa = PBXFrameworksBuildPhase;
			buildActionMask = 2147483647;
			files = (
			);
			runOnlyForDeploymentPostprocessing = 0;
		};
		4EE052132DD778DB00D15F53 /* Frameworks */ = {
			isa = PBXFrameworksBuildPhase;
			buildActionMask = 2147483647;
			files = (
			);
			runOnlyForDeploymentPostprocessing = 0;
		};
/* End PBXFrameworksBuildPhase section */

/* Begin PBXGroup section */
		4EE051ED2DD778D900D15F53 = {
			isa = PBXGroup;
			children = (
				4EE051F82DD778D900D15F53 /* SetViewControllerTest */,
				4EE0520F2DD778DB00D15F53 /* SetViewControllerTestTests */,
				4EE052192DD778DB00D15F53 /* SetViewControllerTestUITests */,
				4EE051F72DD778D900D15F53 /* Products */,
			);
			sourceTree = "<group>";
		};
		4EE051F72DD778D900D15F53 /* Products */ = {
			isa = PBXGroup;
			children = (
				4EE051F62DD778D900D15F53 /* SetViewControllerTest.app */,
				4EE0520C2DD778DB00D15F53 /* SetViewControllerTestTests.xctest */,
				4EE052162DD778DB00D15F53 /* SetViewControllerTestUITests.xctest */,
			);
			name = Products;
			sourceTree = "<group>";
		};
/* End PBXGroup section */

/* Begin PBXNativeTarget section */
		4EE051F52DD778D900D15F53 /* SetViewControllerTest */ = {
			isa = PBXNativeTarget;
			buildConfigurationList = 4EE0521F2DD778DB00D15F53 /* Build configuration list for PBXNativeTarget "SetViewControllerTest" */;
			buildPhases = (
				4EE051F22DD778D900D15F53 /* Sources */,
				4EE051F32DD778D900D15F53 /* Frameworks */,
				4EE051F42DD778D900D15F53 /* Resources */,
			);
			buildRules = (
			);
			dependencies = (
			);
			fileSystemSynchronizedGroups = (
				4EE051F82DD778D900D15F53 /* SetViewControllerTest */,
			);
			name = SetViewControllerTest;
			packageProductDependencies = (
			);
			productName = SetViewControllerTest;
			productReference = 4EE051F62DD778D900D15F53 /* SetViewControllerTest.app */;
			productType = "com.apple.product-type.application";
		};
		4EE0520B2DD778DB00D15F53 /* SetViewControllerTestTests */ = {
			isa = PBXNativeTarget;
			buildConfigurationList = 4EE052242DD778DB00D15F53 /* Build configuration list for PBXNativeTarget "SetViewControllerTestTests" */;
			buildPhases = (
				4EE052082DD778DB00D15F53 /* Sources */,
				4EE052092DD778DB00D15F53 /* Frameworks */,
				4EE0520A2DD778DB00D15F53 /* Resources */,
			);
			buildRules = (
			);
			dependencies = (
				4EE0520E2DD778DB00D15F53 /* PBXTargetDependency */,
			);
			fileSystemSynchronizedGroups = (
				4EE0520F2DD778DB00D15F53 /* SetViewControllerTestTests */,
			);
			name = SetViewControllerTestTests;
			packageProductDependencies = (
			);
			productName = SetViewControllerTestTests;
			productReference = 4EE0520C2DD778DB00D15F53 /* SetViewControllerTestTests.xctest */;
			productType = "com.apple.product-type.bundle.unit-test";
		};
		4EE052152DD778DB00D15F53 /* SetViewControllerTestUITests */ = {
			isa = PBXNativeTarget;
			buildConfigurationList = 4EE052272DD778DB00D15F53 /* Build configuration list for PBXNativeTarget "SetViewControllerTestUITests" */;
			buildPhases = (
				4EE052122DD778DB00D15F53 /* Sources */,
				4EE052132DD778DB00D15F53 /* Frameworks */,
				4EE052142DD778DB00D15F53 /* Resources */,
			);
			buildRules = (
			);
			dependencies = (
				4EE052182DD778DB00D15F53 /* PBXTargetDependency */,
			);
			fileSystemSynchronizedGroups = (
				4EE052192DD778DB00D15F53 /* SetViewControllerTestUITests */,
			);
			name = SetViewControllerTestUITests;
			packageProductDependencies = (
			);
			productName = SetViewControllerTestUITests;
			productReference = 4EE052162DD778DB00D15F53 /* SetViewControllerTestUITests.xctest */;
			productType = "com.apple.product-type.bundle.ui-testing";
		};
/* End PBXNativeTarget section */

/* Begin PBXProject section */
		4EE051EE2DD778D900D15F53 /* Project object */ = {
			isa = PBXProject;
			attributes = {
				BuildIndependentTargetsInParallel = 1;
				LastSwiftUpdateCheck = 1600;
				LastUpgradeCheck = 1600;
				TargetAttributes = {
					4EE051F52DD778D900D15F53 = {
						CreatedOnToolsVersion = 16.0;
					};
					4EE0520B2DD778DB00D15F53 = {
						CreatedOnToolsVersion = 16.0;
						TestTargetID = 4EE051F52DD778D900D15F53;
					};
					4EE052152DD778DB00D15F53 = {
						CreatedOnToolsVersion = 16.0;
						TestTargetID = 4EE051F52DD778D900D15F53;
					};
				};
			};
			buildConfigurationList = 4EE051F12DD778D900D15F53 /* Build configuration list for PBXProject "SetViewControllerTest" */;
			developmentRegion = en;
			hasScannedForEncodings = 0;
			knownRegions = (
				en,
				Base,
			);
			mainGroup = 4EE051ED2DD778D900D15F53;
			minimizedProjectReferenceProxies = 1;
			preferredProjectObjectVersion = 77;
			productRefGroup = 4EE051F72DD778D900D15F53 /* Products */;
			projectDirPath = "";
			projectRoot = "";
			targets = (
				4EE051F52DD778D900D15F53 /* SetViewControllerTest */,
				4EE0520B2DD778DB00D15F53 /* SetViewControllerTestTests */,
				4EE052152DD778DB00D15F53 /* SetViewControllerTestUITests */,
			);
		};
/* End PBXProject section */

/* Begin PBXResourcesBuildPhase section */
		4EE051F42DD778D900D15F53 /* Resources */ = {
			isa = PBXResourcesBuildPhase;
			buildActionMask = 2147483647;
			files = (
			);
			runOnlyForDeploymentPostprocessing = 0;
		};
		4EE0520A2DD778DB00D15F53 /* Resources */ = {
			isa = PBXResourcesBuildPhase;
			buildActionMask = 2147483647;
			files = (
			);
			runOnlyForDeploymentPostprocessing = 0;
		};
		4EE052142DD778DB00D15F53 /* Resources */ = {
			isa = PBXResourcesBuildPhase;
			buildActionMask = 2147483647;
			files = (
			);
			runOnlyForDeploymentPostprocessing = 0;
		};
/* End PBXResourcesBuildPhase section */

/* Begin PBXSourcesBuildPhase section */
		4EE051F22DD778D900D15F53 /* Sources */ = {
			isa = PBXSourcesBuildPhase;
			buildActionMask = 2147483647;
			files = (
			);
			runOnlyForDeploymentPostprocessing = 0;
		};
		4EE052082DD778DB00D15F53 /* Sources */ = {
			isa = PBXSourcesBuildPhase;
			buildActionMask = 2147483647;
			files = (
			);
			runOnlyForDeploymentPostprocessing = 0;
		};
		4EE052122DD778DB00D15F53 /* Sources */ = {
			isa = PBXSourcesBuildPhase;
			buildActionMask = 2147483647;
			files = (
			);
			runOnlyForDeploymentPostprocessing = 0;
		};
/* End PBXSourcesBuildPhase section */

/* Begin PBXTargetDependency section */
		4EE0520E2DD778DB00D15F53 /* PBXTargetDependency */ = {
			isa = PBXTargetDependency;
			target = 4EE051F52DD778D900D15F53 /* SetViewControllerTest */;
			targetProxy = 4EE0520D2DD778DB00D15F53 /* PBXContainerItemProxy */;
		};
		4EE052182DD778DB00D15F53 /* PBXTargetDependency */ = {
			isa = PBXTargetDependency;
			target = 4EE051F52DD778D900D15F53 /* SetViewControllerTest */;
			targetProxy = 4EE052172DD778DB00D15F53 /* PBXContainerItemProxy */;
		};
/* End PBXTargetDependency section */

/* Begin XCBuildConfiguration section */
		4EE052202DD778DB00D15F53 /* Debug */ = {
			isa = XCBuildConfiguration;
			buildSettings = {
				ASSETCATALOG_COMPILER_APPICON_NAME = AppIcon;
				ASSETCATALOG_COMPILER_GLOBAL_ACCENT_COLOR_NAME = AccentColor;
				CODE_SIGN_STYLE = Automatic;
				CURRENT_PROJECT_VERSION = 1;
				DEVELOPMENT_TEAM = 548W892M42;
				GENERATE_INFOPLIST_FILE = YES;
				INFOPLIST_FILE = SetViewControllerTest/Info.plist;
				INFOPLIST_KEY_UIApplicationSupportsIndirectInputEvents = YES;
				INFOPLIST_KEY_UILaunchStoryboardName = LaunchScreen;
				INFOPLIST_KEY_UIMainStoryboardFile = Main;
				INFOPLIST_KEY_UISupportedInterfaceOrientations_iPad = "UIInterfaceOrientationPortrait UIInterfaceOrientationPortraitUpsideDown UIInterfaceOrientationLandscapeLeft UIInterfaceOrientationLandscapeRight";
				INFOPLIST_KEY_UISupportedInterfaceOrientations_iPhone = "UIInterfaceOrientationPortrait UIInterfaceOrientationLandscapeLeft UIInterfaceOrientationLandscapeRight";
				LD_RUNPATH_SEARCH_PATHS = (
					"$(inherited)",
					"@executable_path/Frameworks",
				);
				MARKETING_VERSION = 1.0;
				PRODUCT_BUNDLE_IDENTIFIER = com.minsung.SetViewControllerTest;
				PRODUCT_NAME = "$(TARGET_NAME)";
				SWIFT_EMIT_LOC_STRINGS = YES;
				SWIFT_VERSION = 5.0;
				TARGETED_DEVICE_FAMILY = "1,2";
			};
			name = Debug;
		};
		4EE052212DD778DB00D15F53 /* Release */ = {
			isa = XCBuildConfiguration;
			buildSettings = {
				ASSETCATALOG_COMPILER_APPICON_NAME = AppIcon;
				ASSETCATALOG_COMPILER_GLOBAL_ACCENT_COLOR_NAME = AccentColor;
				CODE_SIGN_STYLE = Automatic;
				CURRENT_PROJECT_VERSION = 1;
				DEVELOPMENT_TEAM = 548W892M42;
				GENERATE_INFOPLIST_FILE = YES;
				INFOPLIST_FILE = SetViewControllerTest/Info.plist;
				INFOPLIST_KEY_UIApplicationSupportsIndirectInputEvents = YES;
				INFOPLIST_KEY_UILaunchStoryboardName = LaunchScreen;
				INFOPLIST_KEY_UIMainStoryboardFile = Main;
				INFOPLIST_KEY_UISupportedInterfaceOrientations_iPad = "UIInterfaceOrientationPortrait UIInterfaceOrientationPortraitUpsideDown UIInterfaceOrientationLandscapeLeft UIInterfaceOrientationLandscapeRight";
				INFOPLIST_KEY_UISupportedInterfaceOrientations_iPhone = "UIInterfaceOrientationPortrait UIInterfaceOrientationLandscapeLeft UIInterfaceOrientationLandscapeRight";
				LD_RUNPATH_SEARCH_PATHS = (
					"$(inherited)",
					"@executable_path/Frameworks",
				);
				MARKETING_VERSION = 1.0;
				PRODUCT_BUNDLE_IDENTIFIER = com.minsung.SetViewControllerTest;
				PRODUCT_NAME = "$(TARGET_NAME)";
				SWIFT_EMIT_LOC_STRINGS = YES;
				SWIFT_VERSION = 5.0;
				TARGETED_DEVICE_FAMILY = "1,2";
			};
			name = Release;
		};
		4EE052222DD778DB00D15F53 /* Debug */ = {
			isa = XCBuildConfiguration;
			buildSettings = {
				ALWAYS_SEARCH_USER_PATHS = NO;
				ASSETCATALOG_COMPILER_GENERATE_SWIFT_ASSET_SYMBOL_EXTENSIONS = YES;
				CLANG_ANALYZER_NONNULL = YES;
				CLANG_ANALYZER_NUMBER_OBJECT_CONVERSION = YES_AGGRESSIVE;
				CLANG_CXX_LANGUAGE_STANDARD = "gnu++20";
				CLANG_ENABLE_MODULES = YES;
				CLANG_ENABLE_OBJC_ARC = YES;
				CLANG_ENABLE_OBJC_WEAK = YES;
				CLANG_WARN_BLOCK_CAPTURE_AUTORELEASING = YES;
				CLANG_WARN_BOOL_CONVERSION = YES;
				CLANG_WARN_COMMA = YES;
				CLANG_WARN_CONSTANT_CONVERSION = YES;
				CLANG_WARN_DEPRECATED_OBJC_IMPLEMENTATIONS = YES;
				CLANG_WARN_DIRECT_OBJC_ISA_USAGE = YES_ERROR;
				CLANG_WARN_DOCUMENTATION_COMMENTS = YES;
				CLANG_WARN_EMPTY_BODY = YES;
				CLANG_WARN_ENUM_CONVERSION = YES;
				CLANG_WARN_INFINITE_RECURSION = YES;
				CLANG_WARN_INT_CONVERSION = YES;
				CLANG_WARN_NON_LITERAL_NULL_CONVERSION = YES;
				CLANG_WARN_OBJC_IMPLICIT_RETAIN_SELF = YES;
				CLANG_WARN_OBJC_LITERAL_CONVERSION = YES;
				CLANG_WARN_OBJC_ROOT_CLASS = YES_ERROR;
				CLANG_WARN_QUOTED_INCLUDE_IN_FRAMEWORK_HEADER = YES;
				CLANG_WARN_RANGE_LOOP_ANALYSIS = YES;
				CLANG_WARN_STRICT_PROTOTYPES = YES;
				CLANG_WARN_SUSPICIOUS_MOVE = YES;
				CLANG_WARN_UNGUARDED_AVAILABILITY = YES_AGGRESSIVE;
				CLANG_WARN_UNREACHABLE_CODE = YES;
				CLANG_WARN__DUPLICATE_METHOD_MATCH = YES;
				COPY_PHASE_STRIP = NO;
				DEBUG_INFORMATION_FORMAT = dwarf;
				ENABLE_STRICT_OBJC_MSGSEND = YES;
				ENABLE_TESTABILITY = YES;
				ENABLE_USER_SCRIPT_SANDBOXING = YES;
				GCC_C_LANGUAGE_STANDARD = gnu17;
				GCC_DYNAMIC_NO_PIC = NO;
				GCC_NO_COMMON_BLOCKS = YES;
				GCC_OPTIMIZATION_LEVEL = 0;
				GCC_PREPROCESSOR_DEFINITIONS = (
					"DEBUG=1",
					"$(inherited)",
				);
				GCC_WARN_64_TO_32_BIT_CONVERSION = YES;
				GCC_WARN_ABOUT_RETURN_TYPE = YES_ERROR;
				GCC_WARN_UNDECLARED_SELECTOR = YES;
				GCC_WARN_UNINITIALIZED_AUTOS = YES_AGGRESSIVE;
				GCC_WARN_UNUSED_FUNCTION = YES;
				GCC_WARN_UNUSED_VARIABLE = YES;
				IPHONEOS_DEPLOYMENT_TARGET = 18.0;
				LOCALIZATION_PREFERS_STRING_CATALOGS = YES;
				MTL_ENABLE_DEBUG_INFO = INCLUDE_SOURCE;
				MTL_FAST_MATH = YES;
				ONLY_ACTIVE_ARCH = YES;
				SDKROOT = iphoneos;
				SWIFT_ACTIVE_COMPILATION_CONDITIONS = "DEBUG $(inherited)";
				SWIFT_OPTIMIZATION_LEVEL = "-Onone";
			};
			name = Debug;
		};
		4EE052232DD778DB00D15F53 /* Release */ = {
			isa = XCBuildConfiguration;
			buildSettings = {
				ALWAYS_SEARCH_USER_PATHS = NO;
				ASSETCATALOG_COMPILER_GENERATE_SWIFT_ASSET_SYMBOL_EXTENSIONS = YES;
				CLANG_ANALYZER_NONNULL = YES;
				CLANG_ANALYZER_NUMBER_OBJECT_CONVERSION = YES_AGGRESSIVE;
				CLANG_CXX_LANGUAGE_STANDARD = "gnu++20";
				CLANG_ENABLE_MODULES = YES;
				CLANG_ENABLE_OBJC_ARC = YES;
				CLANG_ENABLE_OBJC_WEAK = YES;
				CLANG_WARN_BLOCK_CAPTURE_AUTORELEASING = YES;
				CLANG_WARN_BOOL_CONVERSION = YES;
				CLANG_WARN_COMMA = YES;
				CLANG_WARN_CONSTANT_CONVERSION = YES;
				CLANG_WARN_DEPRECATED_OBJC_IMPLEMENTATIONS = YES;
				CLANG_WARN_DIRECT_OBJC_ISA_USAGE = YES_ERROR;
				CLANG_WARN_DOCUMENTATION_COMMENTS = YES;
				CLANG_WARN_EMPTY_BODY = YES;
				CLANG_WARN_ENUM_CONVERSION = YES;
				CLANG_WARN_INFINITE_RECURSION = YES;
				CLANG_WARN_INT_CONVERSION = YES;
				CLANG_WARN_NON_LITERAL_NULL_CONVERSION = YES;
				CLANG_WARN_OBJC_IMPLICIT_RETAIN_SELF = YES;
				CLANG_WARN_OBJC_LITERAL_CONVERSION = YES;
				CLANG_WARN_OBJC_ROOT_CLASS = YES_ERROR;
				CLANG_WARN_QUOTED_INCLUDE_IN_FRAMEWORK_HEADER = YES;
				CLANG_WARN_RANGE_LOOP_ANALYSIS = YES;
				CLANG_WARN_STRICT_PROTOTYPES = YES;
				CLANG_WARN_SUSPICIOUS_MOVE = YES;
				CLANG_WARN_UNGUARDED_AVAILABILITY = YES_AGGRESSIVE;
				CLANG_WARN_UNREACHABLE_CODE = YES;
				CLANG_WARN__DUPLICATE_METHOD_MATCH = YES;
				COPY_PHASE_STRIP = NO;
				DEBUG_INFORMATION_FORMAT = "dwarf-with-dsym";
				ENABLE_NS_ASSERTIONS = NO;
				ENABLE_STRICT_OBJC_MSGSEND = YES;
				ENABLE_USER_SCRIPT_SANDBOXING = YES;
				GCC_C_LANGUAGE_STANDARD = gnu17;
				GCC_NO_COMMON_BLOCKS = YES;
				GCC_WARN_64_TO_32_BIT_CONVERSION = YES;
				GCC_WARN_ABOUT_RETURN_TYPE = YES_ERROR;
				GCC_WARN_UNDECLARED_SELECTOR = YES;
				GCC_WARN_UNINITIALIZED_AUTOS = YES_AGGRESSIVE;
				GCC_WARN_UNUSED_FUNCTION = YES;
				GCC_WARN_UNUSED_VARIABLE = YES;
				IPHONEOS_DEPLOYMENT_TARGET = 18.0;
				LOCALIZATION_PREFERS_STRING_CATALOGS = YES;
				MTL_ENABLE_DEBUG_INFO = NO;
				MTL_FAST_MATH = YES;
				SDKROOT = iphoneos;
				SWIFT_COMPILATION_MODE = wholemodule;
				VALIDATE_PRODUCT = YES;
			};
			name = Release;
		};
		4EE052252DD778DB00D15F53 /* Debug */ = {
			isa = XCBuildConfiguration;
			buildSettings = {
				BUNDLE_LOADER = "$(TEST_HOST)";
				CODE_SIGN_STYLE = Automatic;
				CURRENT_PROJECT_VERSION = 1;
				DEVELOPMENT_TEAM = 548W892M42;
				GENERATE_INFOPLIST_FILE = YES;
				IPHONEOS_DEPLOYMENT_TARGET = 18.0;
				MARKETING_VERSION = 1.0;
				PRODUCT_BUNDLE_IDENTIFIER = com.minsung.SetViewControllerTestTests;
				PRODUCT_NAME = "$(TARGET_NAME)";
				SWIFT_EMIT_LOC_STRINGS = NO;
				SWIFT_VERSION = 5.0;
				TARGETED_DEVICE_FAMILY = "1,2";
				TEST_HOST = "$(BUILT_PRODUCTS_DIR)/SetViewControllerTest.app/$(BUNDLE_EXECUTABLE_FOLDER_PATH)/SetViewControllerTest";
			};
			name = Debug;
		};
		4EE052262DD778DB00D15F53 /* Release */ = {
			isa = XCBuildConfiguration;
			buildSettings = {
				BUNDLE_LOADER = "$(TEST_HOST)";
				CODE_SIGN_STYLE = Automatic;
				CURRENT_PROJECT_VERSION = 1;
				DEVELOPMENT_TEAM = 548W892M42;
				GENERATE_INFOPLIST_FILE = YES;
				IPHONEOS_DEPLOYMENT_TARGET = 18.0;
				MARKETING_VERSION = 1.0;
				PRODUCT_BUNDLE_IDENTIFIER = com.minsung.SetViewControllerTestTests;
				PRODUCT_NAME = "$(TARGET_NAME)";
				SWIFT_EMIT_LOC_STRINGS = NO;
				SWIFT_VERSION = 5.0;
				TARGETED_DEVICE_FAMILY = "1,2";
				TEST_HOST = "$(BUILT_PRODUCTS_DIR)/SetViewControllerTest.app/$(BUNDLE_EXECUTABLE_FOLDER_PATH)/SetViewControllerTest";
			};
			name = Release;
		};
		4EE052282DD778DB00D15F53 /* Debug */ = {
			isa = XCBuildConfiguration;
			buildSettings = {
				CODE_SIGN_STYLE = Automatic;
				CURRENT_PROJECT_VERSION = 1;
				DEVELOPMENT_TEAM = 548W892M42;
				GENERATE_INFOPLIST_FILE = YES;
				MARKETING_VERSION = 1.0;
				PRODUCT_BUNDLE_IDENTIFIER = com.minsung.SetViewControllerTestUITests;
				PRODUCT_NAME = "$(TARGET_NAME)";
				SWIFT_EMIT_LOC_STRINGS = NO;
				SWIFT_VERSION = 5.0;
				TARGETED_DEVICE_FAMILY = "1,2";
				TEST_TARGET_NAME = SetViewControllerTest;
			};
			name = Debug;
		};
		4EE052292DD778DB00D15F53 /* Release */ = {
			isa = XCBuildConfiguration;
			buildSettings = {
				CODE_SIGN_STYLE = Automatic;
				CURRENT_PROJECT_VERSION = 1;
				DEVELOPMENT_TEAM = 548W892M42;
				GENERATE_INFOPLIST_FILE = YES;
				MARKETING_VERSION = 1.0;
				PRODUCT_BUNDLE_IDENTIFIER = com.minsung.SetViewControllerTestUITests;
				PRODUCT_NAME = "$(TARGET_NAME)";
				SWIFT_EMIT_LOC_STRINGS = NO;
				SWIFT_VERSION = 5.0;
				TARGETED_DEVICE_FAMILY = "1,2";
				TEST_TARGET_NAME = SetViewControllerTest;
			};
			name = Release;
		};
/* End XCBuildConfiguration section */

/* Begin XCConfigurationList section */
		4EE051F12DD778D900D15F53 /* Build configuration list for PBXProject "SetViewControllerTest" */ = {
			isa = XCConfigurationList;
			buildConfigurations = (
				4EE052222DD778DB00D15F53 /* Debug */,
				4EE052232DD778DB00D15F53 /* Release */,
			);
			defaultConfigurationIsVisible = 0;
			defaultConfigurationName = Release;
		};
		4EE0521F2DD778DB00D15F53 /* Build configuration list for PBXNativeTarget "SetViewControllerTest" */ = {
			isa = XCConfigurationList;
			buildConfigurations = (
				4EE052202DD778DB00D15F53 /* Debug */,
				4EE052212DD778DB00D15F53 /* Release */,
			);
			defaultConfigurationIsVisible = 0;
			defaultConfigurationName = Release;
		};
		4EE052242DD778DB00D15F53 /* Build configuration list for PBXNativeTarget "SetViewControllerTestTests" */ = {
			isa = XCConfigurationList;
			buildConfigurations = (
				4EE052252DD778DB00D15F53 /* Debug */,
				4EE052262DD778DB00D15F53 /* Release */,
			);
			defaultConfigurationIsVisible = 0;
			defaultConfigurationName = Release;
		};
		4EE052272DD778DB00D15F53 /* Build configuration list for PBXNativeTarget "SetViewControllerTestUITests" */ = {
			isa = XCConfigurationList;
			buildConfigurations = (
				4EE052282DD778DB00D15F53 /* Debug */,
				4EE052292DD778DB00D15F53 /* Release */,
			);
			defaultConfigurationIsVisible = 0;
			defaultConfigurationName = Release;
		};
/* End XCConfigurationList section */
	};
	rootObject = 4EE051EE2DD778D900D15F53 /* Project object */;
}
